<?xml version="1.0" encoding="utf-8"?>
<Project ToolsVersion="4.0" xmlns="http://schemas.microsoft.com/developer/msbuild/2003">
  <ItemGroup>
    <ClCompile Include="src\ofApp.cpp">
      <Filter>src</Filter>
    </ClCompile>
    <ClCompile Include="src\main.cpp">
      <Filter>src</Filter>
    </ClCompile>
    <ClCompile Include="src\SpoutShaders.cpp">
      <Filter>src</Filter>
    </ClCompile>
    <ClCompile Include="..\..\..\addons\ofxNDI\src\ofxNDIdynloader.cpp">
      <Filter>addons\ofxNDI\src</Filter>
    </ClCompile>
    <ClCompile Include="..\..\..\addons\ofxNDI\src\ofxNDIreceive.cpp">
      <Filter>addons\ofxNDI\src</Filter>
    </ClCompile>
    <ClCompile Include="..\..\..\addons\ofxNDI\src\ofxNDIreceiver.cpp">
      <Filter>addons\ofxNDI\src</Filter>
    </ClCompile>
    <ClCompile Include="..\..\..\addons\ofxNDI\src\ofxNDIsend.cpp">
      <Filter>addons\ofxNDI\src</Filter>
    </ClCompile>
    <ClCompile Include="..\..\..\addons\ofxNDI\src\ofxNDIsender.cpp">
      <Filter>addons\ofxNDI\src</Filter>
    </ClCompile>
    <ClCompile Include="..\..\..\addons\ofxNDI\src\ofxNDIutils.cpp">
      <Filter>addons\ofxNDI\src</Filter>
    </ClCompile>
    <ClCompile Include="..\..\..\addons\ofxWinDialog\src\ofxWinDialog.cpp">
      <Filter>addons\ofxWinDialog\src</Filter>
    </ClCompile>
    <ClCompile Include="..\..\..\addons\ofxWinMenu\src\ofxWinMenu.cpp">
      <Filter>addons\ofxWinMenu\src</Filter>
    </ClCompile>
  </ItemGroup>
  <ItemGroup>
    <Filter Include="src">
      <UniqueIdentifier>{d8376475-7454-4a24-b08a-aac121d3ad6f}</UniqueIdentifier>
    </Filter>
    <Filter Include="SpoutGL">
      <UniqueIdentifier>{e338520b-70d2-4012-a70a-e0ca0c482222}</UniqueIdentifier>
    </Filter>
    <Filter Include="addons">
      <UniqueIdentifier>{006339ac-b71f-4b01-97dd-7ad06c765b31}</UniqueIdentifier>
    </Filter>
    <Filter Include="addons\ofxWinMenu">
      <UniqueIdentifier>{8c521cdd-fbee-480c-bfb8-5ccab51301ce}</UniqueIdentifier>
    </Filter>
    <Filter Include="addons\ofxWinMenu\src">
      <UniqueIdentifier>{65e89812-2ef9-4873-a961-3e37904bada4}</UniqueIdentifier>
    </Filter>
    <Filter Include="addons\ofxWinDialog">
      <UniqueIdentifier>{77d982ed-719e-49d5-8a58-446a5329b14a}</UniqueIdentifier>
    </Filter>
    <Filter Include="addons\ofxWinDialog\src">
      <UniqueIdentifier>{32a27867-3ddd-443c-be2e-84eb22f92a1b}</UniqueIdentifier>
    </Filter>
    <Filter Include="addons\ofxNDI">
      <UniqueIdentifier>{7de8143b-28ac-43f2-b3f4-20649d3c4a4f}</UniqueIdentifier>
    </Filter>
    <Filter Include="addons\ofxNDI\src">
      <UniqueIdentifier>{687f1ad4-6c04-447a-8732-4e47997e7e3f}</UniqueIdentifier>
    </Filter>
    <Filter Include="addons\ofxNDI\libs">
      <UniqueIdentifier>{cb528166-07e7-4a91-903f-81be33bd6002}</UniqueIdentifier>
    </Filter>
    <Filter Include="addons\ofxNDI\libs\NDI">
      <UniqueIdentifier>{740b0f6b-881a-4b22-8db8-58a87a8e968a}</UniqueIdentifier>
    </Filter>
    <Filter Include="addons\ofxNDI\libs\NDI\include">
      <UniqueIdentifier>{451792f6-3a55-45a0-84b9-a8dd6158a6cd}</UniqueIdentifier>
    </Filter>
  </ItemGroup>
  <ItemGroup>
    <ClInclude Include="src\ofApp.h">
      <Filter>src</Filter>
    </ClInclude>
    <ClInclude Include="src\SpoutShaders.h">
      <Filter>src</Filter>
    </ClInclude>
    <ClInclude Include="libs\include\Spout.h">
      <Filter>SpoutGL</Filter>
    </ClInclude>
    <ClInclude Include="libs\include\SpoutCommon.h">
      <Filter>SpoutGL</Filter>
    </ClInclude>
    <ClInclude Include="libs\include\SpoutCopy.h">
      <Filter>SpoutGL</Filter>
    </ClInclude>
    <ClInclude Include="libs\include\SpoutDirectX.h">
      <Filter>SpoutGL</Filter>
    </ClInclude>
    <ClInclude Include="libs\include\SpoutFrameCount.h">
      <Filter>SpoutGL</Filter>
    </ClInclude>
    <ClInclude Include="libs\include\SpoutGL.h">
      <Filter>SpoutGL</Filter>
    </ClInclude>
    <ClInclude Include="libs\include\SpoutGLextensions.h">
      <Filter>SpoutGL</Filter>
    </ClInclude>
    <ClInclude Include="libs\include\SpoutReceiver.h">
      <Filter>SpoutGL</Filter>
    </ClInclude>
    <ClInclude Include="libs\include\SpoutSender.h">
      <Filter>SpoutGL</Filter>
    </ClInclude>
    <ClInclude Include="libs\include\SpoutSenderNames.h">
      <Filter>SpoutGL</Filter>
    </ClInclude>
    <ClInclude Include="libs\include\SpoutSharedMemory.h">
      <Filter>SpoutGL</Filter>
    </ClInclude>
    <ClInclude Include="libs\include\SpoutUtils.h">
      <Filter>SpoutGL</Filter>
    </ClInclude>
    <ClInclude Include="..\..\..\addons\ofxNDI\libs\NDI\include\Processing.NDI.compat.h">
      <Filter>addons\ofxNDI\libs\NDI\include</Filter>
    </ClInclude>
    <ClInclude Include="..\..\..\addons\ofxNDI\libs\NDI\include\Processing.NDI.deprecated.h">
      <Filter>addons\ofxNDI\libs\NDI\include</Filter>
    </ClInclude>
    <ClInclude Include="..\..\..\addons\ofxNDI\libs\NDI\include\Processing.NDI.DynamicLoad.h">
      <Filter>addons\ofxNDI\libs\NDI\include</Filter>
    </ClInclude>
    <ClInclude Include="..\..\..\addons\ofxNDI\libs\NDI\include\Processing.NDI.Find.h">
      <Filter>addons\ofxNDI\libs\NDI\include</Filter>
    </ClInclude>
    <ClInclude Include="..\..\..\addons\ofxNDI\libs\NDI\include\Processing.NDI.FrameSync.h">
      <Filter>addons\ofxNDI\libs\NDI\include</Filter>
    </ClInclude>
    <ClInclude Include="..\..\..\addons\ofxNDI\libs\NDI\include\Processing.NDI.Lib.cplusplus.h">
      <Filter>addons\ofxNDI\libs\NDI\include</Filter>
    </ClInclude>
    <ClInclude Include="..\..\..\addons\ofxNDI\libs\NDI\include\Processing.NDI.Lib.h">
      <Filter>addons\ofxNDI\libs\NDI\include</Filter>
    </ClInclude>
    <ClInclude Include="..\..\..\addons\ofxNDI\libs\NDI\include\Processing.NDI.Recv.ex.h">
      <Filter>addons\ofxNDI\libs\NDI\include</Filter>
    </ClInclude>
    <ClInclude Include="..\..\..\addons\ofxNDI\libs\NDI\include\Processing.NDI.Recv.h">
      <Filter>addons\ofxNDI\libs\NDI\include</Filter>
    </ClInclude>
    <ClInclude Include="..\..\..\addons\ofxNDI\libs\NDI\include\Processing.NDI.RecvAdvertiser.h">
      <Filter>addons\ofxNDI\libs\NDI\include</Filter>
    </ClInclude>
    <ClInclude Include="..\..\..\addons\ofxNDI\libs\NDI\include\Processing.NDI.RecvListener.h">
      <Filter>addons\ofxNDI\libs\NDI\include</Filter>
    </ClInclude>
    <ClInclude Include="..\..\..\addons\ofxNDI\libs\NDI\include\Processing.NDI.Routing.h">
      <Filter>addons\ofxNDI\libs\NDI\include</Filter>
    </ClInclude>
    <ClInclude Include="..\..\..\addons\ofxNDI\libs\NDI\include\Processing.NDI.Send.h">
      <Filter>addons\ofxNDI\libs\NDI\include</Filter>
    </ClInclude>
    <ClInclude Include="..\..\..\addons\ofxNDI\libs\NDI\include\Processing.NDI.SendAdvertiser.h">
      <Filter>addons\ofxNDI\libs\NDI\include</Filter>
    </ClInclude>
    <ClInclude Include="..\..\..\addons\ofxNDI\libs\NDI\include\Processing.NDI.SendListener.h">
      <Filter>addons\ofxNDI\libs\NDI\include</Filter>
    </ClInclude>
    <ClInclude Include="..\..\..\addons\ofxNDI\libs\NDI\include\Processing.NDI.structs.h">
      <Filter>addons\ofxNDI\libs\NDI\include</Filter>
    </ClInclude>
    <ClInclude Include="..\..\..\addons\ofxNDI\libs\NDI\include\Processing.NDI.utilities.h">
      <Filter>addons\ofxNDI\libs\NDI\include</Filter>
    </ClInclude>
    <ClInclude Include="..\..\..\addons\ofxNDI\src\ofxNDI.h">
      <Filter>addons\ofxNDI\src</Filter>
    </ClInclude>
    <ClInclude Include="..\..\..\addons\ofxNDI\src\ofxNDIdynloader.h">
      <Filter>addons\ofxNDI\src</Filter>
    </ClInclude>
    <ClInclude Include="..\..\..\addons\ofxNDI\src\ofxNDIplatforms.h">
      <Filter>addons\ofxNDI\src</Filter>
    </ClInclude>
    <ClInclude Include="..\..\..\addons\ofxNDI\src\ofxNDIreceive.h">
      <Filter>addons\ofxNDI\src</Filter>
    </ClInclude>
    <ClInclude Include="..\..\..\addons\ofxNDI\src\ofxNDIreceiver.h">
      <Filter>addons\ofxNDI\src</Filter>
    </ClInclude>
    <ClInclude Include="..\..\..\addons\ofxNDI\src\ofxNDIsend.h">
      <Filter>addons\ofxNDI\src</Filter>
    </ClInclude>
    <ClInclude Include="..\..\..\addons\ofxNDI\src\ofxNDIsender.h">
      <Filter>addons\ofxNDI\src</Filter>
    </ClInclude>
    <ClInclude Include="..\..\..\addons\ofxNDI\src\ofxNDIutils.h">
      <Filter>addons\ofxNDI\src</Filter>
    </ClInclude>
    <ClInclude Include="..\..\..\addons\ofxNDI\src\sse2neon.h">
      <Filter>addons\ofxNDI\src</Filter>
    </ClInclude>
    <ClInclude Include="..\..\..\addons\ofxWinDialog\src\ofxWinDialog.h">
      <Filter>addons\ofxWinDialog\src</Filter>
    </ClInclude>
    <ClInclude Include="..\..\..\addons\ofxWinMenu\src\ofxWinMenu.h">
      <Filter>addons\ofxWinMenu\src</Filter>
    </ClInclude>
    <ClInclude Include="src\resource.h">
      <Filter>src</Filter>
    </ClInclude>
  </ItemGroup>
  <ItemGroup>
    <ResourceCompile Include="src\resource.rc">
      <Filter>src</Filter>
    </ResourceCompile>
  </ItemGroup>
</Project>